
Microsoft Visual Studio Solution File, Format Version 12.00
# Visual Studio Version 17
VisualStudioVersion = 17.0.31912.275
MinimumVisualStudioVersion = 10.0.40219.1
Project("{FAE04EC0-301F-11D3-BF4B-00C04F79EFBC}") = "PodCatcher", "PodCatcher\PodCatcher.csproj", "{B7F44694-18B5-4F83-8CED-4F6EF48CB30A}"
EndProject
Project("{FAE04EC0-301F-11D3-BF4B-00C04F79EFBC}") = "PodcastConditioning", "PodCatcher.PodcastConditioning\PodcastConditioning.csproj", "{ED816786-6557-41B2-B585-D09BEE9D2F8E}"
EndProject
Project("{FAE04EC0-301F-11D3-BF4B-00C04F79EFBC}") = "Db.PodcastMgt", "Db.PodcastMgt\Db.PodcastMgt.csproj", "{3DFF44EC-8BF7-4CD4-9D67-AF96D02FB744}"
EndProject
Project("{FAE04EC0-301F-11D3-BF4B-00C04F79EFBC}") = "xPocFody", "xPocFody\xPocFody.csproj", "{7D28D986-194E-4977-9D5A-1BFD938FFFC4}"
EndProject
Project("{2150E333-8FDC-42A3-9474-1A3956D46DE8}") = ".nuget", ".nuget", "{51DEA2D4-B900-4D0F-BA63-B8B3AF8D1081}"
	ProjectSection(SolutionItems) = preProject
		nuget.config = nuget.config
	EndProjectSection
EndProject
Project("{FAE04EC0-301F-11D3-BF4B-00C04F79EFBC}") = "xPocTrancoder", "xPocTrancoder\xPocTrancoder.csproj", "{5FA54399-3B6F-443C-8564-4605FFCC5828}"
EndProject
Project("{FAE04EC0-301F-11D3-BF4B-00C04F79EFBC}") = "AAV.Mvvm", "..\..\AAV.Shared\Src\Net4.8\AAV.Mvvm\AAV.Mvvm.csproj", "{AA5C34CF-6F6A-4B2C-B067-D9AABCAC1B6B}"
EndProject
Project("{FAE04EC0-301F-11D3-BF4B-00C04F79EFBC}") = "AAV.WPF.4.8", "..\..\AAV.Shared\Src\Net4.8\AAV.WPF\AAV.WPF.4.8.csproj", "{DF459A59-5C58-4930-AB44-9B3D6E36CD98}"
EndProject
Project("{FAE04EC0-301F-11D3-BF4B-00C04F79EFBC}") = "AAV.Sys.4.8", "..\..\..\C\AAV\AAV.Sys\AAV.Sys.4.8.csproj", "{60BB75F4-E913-40F9-BE60-D5E408F24751}"
EndProject
Project("{9A19103F-16F7-4668-BE54-9A1E7A4F7556}") = "StandardLib", "..\..\AAV.Shared\Src\NetLts\StandardLib\StandardLib.csproj", "{B798878D-752E-45C0-8B93-57660F7A4C90}"
EndProject
Project("{FAE04EC0-301F-11D3-BF4B-00C04F79EFBC}") = "Db.PodcastMgt.PowerTools", "Db.PodcastMgt.PowerTools\Db.PodcastMgt.PowerTools.csproj", "{B5DCEA8A-D095-4DD1-91BA-7219825B0E25}"
EndProject
Project("{FAE04EC0-301F-11D3-BF4B-00C04F79EFBC}") = "PodcastConditioningNet8", "PodcastConditioningNet8\PodcastConditioningNet8.csproj", "{AD54F23E-E99C-413A-9D74-AA25F6E2F370}"
EndProject
Project("{FAE04EC0-301F-11D3-BF4B-00C04F79EFBC}") = "PodCatcherNet8", "PodCatcherNet8\PodCatcherNet8.csproj", "{E4E9CABC-D960-4282-9219-1DEAF8C533F2}"
EndProject
Global
	GlobalSection(SolutionConfigurationPlatforms) = preSolution
		Debug|Any CPU = Debug|Any CPU
		Debug|ARM = Debug|ARM
		Debug|Mixed Platforms = Debug|Mixed Platforms
		Debug|x64 = Debug|x64
		Debug|x86 = Debug|x86
		Release|Any CPU = Release|Any CPU
		Release|ARM = Release|ARM
		Release|Mixed Platforms = Release|Mixed Platforms
		Release|x64 = Release|x64
		Release|x86 = Release|x86
		Release64|Any CPU = Release64|Any CPU
		Release64|ARM = Release64|ARM
		Release64|Mixed Platforms = Release64|Mixed Platforms
		Release64|x64 = Release64|x64
		Release64|x86 = Release64|x86
	EndGlobalSection
	GlobalSection(ProjectConfigurationPlatforms) = postSolution
		{B7F44694-18B5-4F83-8CED-4F6EF48CB30A}.Debug|Any CPU.ActiveCfg = Debug|Any CPU
		{B7F44694-18B5-4F83-8CED-4F6EF48CB30A}.Debug|Any CPU.Build.0 = Debug|Any CPU
		{B7F44694-18B5-4F83-8CED-4F6EF48CB30A}.Debug|ARM.ActiveCfg = Debug|Any CPU
		{B7F44694-18B5-4F83-8CED-4F6EF48CB30A}.Debug|ARM.Build.0 = Debug|Any CPU
		{B7F44694-18B5-4F83-8CED-4F6EF48CB30A}.Debug|Mixed Platforms.ActiveCfg = Debug|x86
		{B7F44694-18B5-4F83-8CED-4F6EF48CB30A}.Debug|Mixed Platforms.Build.0 = Debug|x86
		{B7F44694-18B5-4F83-8CED-4F6EF48CB30A}.Debug|x64.ActiveCfg = Debug|x64
		{B7F44694-18B5-4F83-8CED-4F6EF48CB30A}.Debug|x64.Build.0 = Debug|x64
		{B7F44694-18B5-4F83-8CED-4F6EF48CB30A}.Debug|x86.ActiveCfg = Debug|x86
		{B7F44694-18B5-4F83-8CED-4F6EF48CB30A}.Debug|x86.Build.0 = Debug|x86
		{B7F44694-18B5-4F83-8CED-4F6EF48CB30A}.Release|Any CPU.ActiveCfg = Release|Any CPU
		{B7F44694-18B5-4F83-8CED-4F6EF48CB30A}.Release|Any CPU.Build.0 = Release|Any CPU
		{B7F44694-18B5-4F83-8CED-4F6EF48CB30A}.Release|ARM.ActiveCfg = Release|Any CPU
		{B7F44694-18B5-4F83-8CED-4F6EF48CB30A}.Release|ARM.Build.0 = Release|Any CPU
		{B7F44694-18B5-4F83-8CED-4F6EF48CB30A}.Release|Mixed Platforms.ActiveCfg = Release|x86
		{B7F44694-18B5-4F83-8CED-4F6EF48CB30A}.Release|Mixed Platforms.Build.0 = Release|x86
		{B7F44694-18B5-4F83-8CED-4F6EF48CB30A}.Release|x64.ActiveCfg = Release|x64
		{B7F44694-18B5-4F83-8CED-4F6EF48CB30A}.Release|x64.Build.0 = Release|x64
		{B7F44694-18B5-4F83-8CED-4F6EF48CB30A}.Release|x86.ActiveCfg = Release|x86
		{B7F44694-18B5-4F83-8CED-4F6EF48CB30A}.Release|x86.Build.0 = Release|x86
		{B7F44694-18B5-4F83-8CED-4F6EF48CB30A}.Release64|Any CPU.ActiveCfg = Release|Any CPU
		{B7F44694-18B5-4F83-8CED-4F6EF48CB30A}.Release64|Any CPU.Build.0 = Release|Any CPU
		{B7F44694-18B5-4F83-8CED-4F6EF48CB30A}.Release64|ARM.ActiveCfg = Release|Any CPU
		{B7F44694-18B5-4F83-8CED-4F6EF48CB30A}.Release64|ARM.Build.0 = Release|Any CPU
		{B7F44694-18B5-4F83-8CED-4F6EF48CB30A}.Release64|Mixed Platforms.ActiveCfg = Release|Any CPU
		{B7F44694-18B5-4F83-8CED-4F6EF48CB30A}.Release64|Mixed Platforms.Build.0 = Release|Any CPU
		{B7F44694-18B5-4F83-8CED-4F6EF48CB30A}.Release64|x64.ActiveCfg = Release|x64
		{B7F44694-18B5-4F83-8CED-4F6EF48CB30A}.Release64|x64.Build.0 = Release|x64
		{B7F44694-18B5-4F83-8CED-4F6EF48CB30A}.Release64|x86.ActiveCfg = Release|Any CPU
		{ED816786-6557-41B2-B585-D09BEE9D2F8E}.Debug|Any CPU.ActiveCfg = Debug|Any CPU
		{ED816786-6557-41B2-B585-D09BEE9D2F8E}.Debug|Any CPU.Build.0 = Debug|Any CPU
		{ED816786-6557-41B2-B585-D09BEE9D2F8E}.Debug|ARM.ActiveCfg = Debug|Any CPU
		{ED816786-6557-41B2-B585-D09BEE9D2F8E}.Debug|ARM.Build.0 = Debug|Any CPU
		{ED816786-6557-41B2-B585-D09BEE9D2F8E}.Debug|Mixed Platforms.ActiveCfg = Debug|x86
		{ED816786-6557-41B2-B585-D09BEE9D2F8E}.Debug|Mixed Platforms.Build.0 = Debug|x86
		{ED816786-6557-41B2-B585-D09BEE9D2F8E}.Debug|x64.ActiveCfg = Debug|x64
		{ED816786-6557-41B2-B585-D09BEE9D2F8E}.Debug|x64.Build.0 = Debug|x64
		{ED816786-6557-41B2-B585-D09BEE9D2F8E}.Debug|x86.ActiveCfg = Debug|x86
		{ED816786-6557-41B2-B585-D09BEE9D2F8E}.Debug|x86.Build.0 = Debug|x86
		{ED816786-6557-41B2-B585-D09BEE9D2F8E}.Release|Any CPU.ActiveCfg = Release|Any CPU
		{ED816786-6557-41B2-B585-D09BEE9D2F8E}.Release|Any CPU.Build.0 = Release|Any CPU
		{ED816786-6557-41B2-B585-D09BEE9D2F8E}.Release|ARM.ActiveCfg = Release|Any CPU
		{ED816786-6557-41B2-B585-D09BEE9D2F8E}.Release|ARM.Build.0 = Release|Any CPU
		{ED816786-6557-41B2-B585-D09BEE9D2F8E}.Release|Mixed Platforms.ActiveCfg = Release|x86
		{ED816786-6557-41B2-B585-D09BEE9D2F8E}.Release|Mixed Platforms.Build.0 = Release|x86
		{ED816786-6557-41B2-B585-D09BEE9D2F8E}.Release|x64.ActiveCfg = Release|x64
		{ED816786-6557-41B2-B585-D09BEE9D2F8E}.Release|x64.Build.0 = Release|x64
		{ED816786-6557-41B2-B585-D09BEE9D2F8E}.Release|x86.ActiveCfg = Release|x86
		{ED816786-6557-41B2-B585-D09BEE9D2F8E}.Release|x86.Build.0 = Release|x86
		{ED816786-6557-41B2-B585-D09BEE9D2F8E}.Release64|Any CPU.ActiveCfg = Release|Any CPU
		{ED816786-6557-41B2-B585-D09BEE9D2F8E}.Release64|Any CPU.Build.0 = Release|Any CPU
		{ED816786-6557-41B2-B585-D09BEE9D2F8E}.Release64|ARM.ActiveCfg = Release|Any CPU
		{ED816786-6557-41B2-B585-D09BEE9D2F8E}.Release64|ARM.Build.0 = Release|Any CPU
		{ED816786-6557-41B2-B585-D09BEE9D2F8E}.Release64|Mixed Platforms.ActiveCfg = Release|x86
		{ED816786-6557-41B2-B585-D09BEE9D2F8E}.Release64|Mixed Platforms.Build.0 = Release|x86
		{ED816786-6557-41B2-B585-D09BEE9D2F8E}.Release64|x64.ActiveCfg = Release|x64
		{ED816786-6557-41B2-B585-D09BEE9D2F8E}.Release64|x64.Build.0 = Release|x64
		{ED816786-6557-41B2-B585-D09BEE9D2F8E}.Release64|x86.ActiveCfg = Release|x86
		{ED816786-6557-41B2-B585-D09BEE9D2F8E}.Release64|x86.Build.0 = Release|x86
		{3DFF44EC-8BF7-4CD4-9D67-AF96D02FB744}.Debug|Any CPU.ActiveCfg = Debug|Any CPU
		{3DFF44EC-8BF7-4CD4-9D67-AF96D02FB744}.Debug|Any CPU.Build.0 = Debug|Any CPU
		{3DFF44EC-8BF7-4CD4-9D67-AF96D02FB744}.Debug|ARM.ActiveCfg = Debug|Any CPU
		{3DFF44EC-8BF7-4CD4-9D67-AF96D02FB744}.Debug|ARM.Build.0 = Debug|Any CPU
		{3DFF44EC-8BF7-4CD4-9D67-AF96D02FB744}.Debug|Mixed Platforms.ActiveCfg = Debug|x86
		{3DFF44EC-8BF7-4CD4-9D67-AF96D02FB744}.Debug|Mixed Platforms.Build.0 = Debug|x86
		{3DFF44EC-8BF7-4CD4-9D67-AF96D02FB744}.Debug|x64.ActiveCfg = Debug|x64
		{3DFF44EC-8BF7-4CD4-9D67-AF96D02FB744}.Debug|x64.Build.0 = Debug|x64
		{3DFF44EC-8BF7-4CD4-9D67-AF96D02FB744}.Debug|x86.ActiveCfg = Debug|x86
		{3DFF44EC-8BF7-4CD4-9D67-AF96D02FB744}.Debug|x86.Build.0 = Debug|x86
		{3DFF44EC-8BF7-4CD4-9D67-AF96D02FB744}.Release|Any CPU.ActiveCfg = Release|Any CPU
		{3DFF44EC-8BF7-4CD4-9D67-AF96D02FB744}.Release|Any CPU.Build.0 = Release|Any CPU
		{3DFF44EC-8BF7-4CD4-9D67-AF96D02FB744}.Release|ARM.ActiveCfg = Release|Any CPU
		{3DFF44EC-8BF7-4CD4-9D67-AF96D02FB744}.Release|ARM.Build.0 = Release|Any CPU
		{3DFF44EC-8BF7-4CD4-9D67-AF96D02FB744}.Release|Mixed Platforms.ActiveCfg = Release|Any CPU
		{3DFF44EC-8BF7-4CD4-9D67-AF96D02FB744}.Release|Mixed Platforms.Build.0 = Release|Any CPU
		{3DFF44EC-8BF7-4CD4-9D67-AF96D02FB744}.Release|x64.ActiveCfg = Release|x64
		{3DFF44EC-8BF7-4CD4-9D67-AF96D02FB744}.Release|x64.Build.0 = Release|x64
		{3DFF44EC-8BF7-4CD4-9D67-AF96D02FB744}.Release|x86.ActiveCfg = Release|x86
		{3DFF44EC-8BF7-4CD4-9D67-AF96D02FB744}.Release|x86.Build.0 = Release|x86
		{3DFF44EC-8BF7-4CD4-9D67-AF96D02FB744}.Release64|Any CPU.ActiveCfg = Release|Any CPU
		{3DFF44EC-8BF7-4CD4-9D67-AF96D02FB744}.Release64|Any CPU.Build.0 = Release|Any CPU
		{3DFF44EC-8BF7-4CD4-9D67-AF96D02FB744}.Release64|ARM.ActiveCfg = Release|Any CPU
		{3DFF44EC-8BF7-4CD4-9D67-AF96D02FB744}.Release64|ARM.Build.0 = Release|Any CPU
		{3DFF44EC-8BF7-4CD4-9D67-AF96D02FB744}.Release64|Mixed Platforms.ActiveCfg = Release|Any CPU
		{3DFF44EC-8BF7-4CD4-9D67-AF96D02FB744}.Release64|Mixed Platforms.Build.0 = Release|Any CPU
		{3DFF44EC-8BF7-4CD4-9D67-AF96D02FB744}.Release64|x64.ActiveCfg = Release|x64
		{3DFF44EC-8BF7-4CD4-9D67-AF96D02FB744}.Release64|x64.Build.0 = Release|x64
		{3DFF44EC-8BF7-4CD4-9D67-AF96D02FB744}.Release64|x86.ActiveCfg = Release|Any CPU
		{7D28D986-194E-4977-9D5A-1BFD938FFFC4}.Debug|Any CPU.ActiveCfg = Debug|Any CPU
		{7D28D986-194E-4977-9D5A-1BFD938FFFC4}.Debug|Any CPU.Build.0 = Debug|Any CPU
		{7D28D986-194E-4977-9D5A-1BFD938FFFC4}.Debug|ARM.ActiveCfg = Debug|Any CPU
		{7D28D986-194E-4977-9D5A-1BFD938FFFC4}.Debug|ARM.Build.0 = Debug|Any CPU
		{7D28D986-194E-4977-9D5A-1BFD938FFFC4}.Debug|Mixed Platforms.ActiveCfg = Debug|x86
		{7D28D986-194E-4977-9D5A-1BFD938FFFC4}.Debug|Mixed Platforms.Build.0 = Debug|x86
		{7D28D986-194E-4977-9D5A-1BFD938FFFC4}.Debug|x64.ActiveCfg = Debug|x64
		{7D28D986-194E-4977-9D5A-1BFD938FFFC4}.Debug|x64.Build.0 = Debug|x64
		{7D28D986-194E-4977-9D5A-1BFD938FFFC4}.Debug|x86.ActiveCfg = Debug|x86
		{7D28D986-194E-4977-9D5A-1BFD938FFFC4}.Release|Any CPU.ActiveCfg = Release|Any CPU
		{7D28D986-194E-4977-9D5A-1BFD938FFFC4}.Release|Any CPU.Build.0 = Release|Any CPU
		{7D28D986-194E-4977-9D5A-1BFD938FFFC4}.Release|ARM.ActiveCfg = Release|Any CPU
		{7D28D986-194E-4977-9D5A-1BFD938FFFC4}.Release|ARM.Build.0 = Release|Any CPU
		{7D28D986-194E-4977-9D5A-1BFD938FFFC4}.Release|Mixed Platforms.ActiveCfg = Release|Any CPU
		{7D28D986-194E-4977-9D5A-1BFD938FFFC4}.Release|Mixed Platforms.Build.0 = Release|Any CPU
		{7D28D986-194E-4977-9D5A-1BFD938FFFC4}.Release|x64.ActiveCfg = Release|x64
		{7D28D986-194E-4977-9D5A-1BFD938FFFC4}.Release|x86.ActiveCfg = Release|x86
		{7D28D986-194E-4977-9D5A-1BFD938FFFC4}.Release64|Any CPU.ActiveCfg = Release|Any CPU
		{7D28D986-194E-4977-9D5A-1BFD938FFFC4}.Release64|Any CPU.Build.0 = Release|Any CPU
		{7D28D986-194E-4977-9D5A-1BFD938FFFC4}.Release64|ARM.ActiveCfg = Release|Any CPU
		{7D28D986-194E-4977-9D5A-1BFD938FFFC4}.Release64|ARM.Build.0 = Release|Any CPU
		{7D28D986-194E-4977-9D5A-1BFD938FFFC4}.Release64|Mixed Platforms.ActiveCfg = Release|Any CPU
		{7D28D986-194E-4977-9D5A-1BFD938FFFC4}.Release64|Mixed Platforms.Build.0 = Release|Any CPU
		{7D28D986-194E-4977-9D5A-1BFD938FFFC4}.Release64|x64.ActiveCfg = Release|x64
		{7D28D986-194E-4977-9D5A-1BFD938FFFC4}.Release64|x64.Build.0 = Release|x64
		{7D28D986-194E-4977-9D5A-1BFD938FFFC4}.Release64|x86.ActiveCfg = Release|Any CPU
		{5FA54399-3B6F-443C-8564-4605FFCC5828}.Debug|Any CPU.ActiveCfg = Debug|Any CPU
		{5FA54399-3B6F-443C-8564-4605FFCC5828}.Debug|ARM.ActiveCfg = Debug|ARM
		{5FA54399-3B6F-443C-8564-4605FFCC5828}.Debug|ARM.Build.0 = Debug|ARM
		{5FA54399-3B6F-443C-8564-4605FFCC5828}.Debug|ARM.Deploy.0 = Debug|ARM
		{5FA54399-3B6F-443C-8564-4605FFCC5828}.Debug|Mixed Platforms.ActiveCfg = Debug|x86
		{5FA54399-3B6F-443C-8564-4605FFCC5828}.Debug|Mixed Platforms.Build.0 = Debug|x86
		{5FA54399-3B6F-443C-8564-4605FFCC5828}.Debug|Mixed Platforms.Deploy.0 = Debug|x86
		{5FA54399-3B6F-443C-8564-4605FFCC5828}.Debug|x64.ActiveCfg = Debug|x64
		{5FA54399-3B6F-443C-8564-4605FFCC5828}.Debug|x64.Build.0 = Debug|x64
		{5FA54399-3B6F-443C-8564-4605FFCC5828}.Debug|x64.Deploy.0 = Debug|x64
		{5FA54399-3B6F-443C-8564-4605FFCC5828}.Debug|x86.ActiveCfg = Debug|x86
		{5FA54399-3B6F-443C-8564-4605FFCC5828}.Release|Any CPU.ActiveCfg = Release|x86
		{5FA54399-3B6F-443C-8564-4605FFCC5828}.Release|ARM.ActiveCfg = Release|ARM
		{5FA54399-3B6F-443C-8564-4605FFCC5828}.Release|ARM.Build.0 = Release|ARM
		{5FA54399-3B6F-443C-8564-4605FFCC5828}.Release|ARM.Deploy.0 = Release|ARM
		{5FA54399-3B6F-443C-8564-4605FFCC5828}.Release|Mixed Platforms.ActiveCfg = Release|x86
		{5FA54399-3B6F-443C-8564-4605FFCC5828}.Release|Mixed Platforms.Build.0 = Release|x86
		{5FA54399-3B6F-443C-8564-4605FFCC5828}.Release|Mixed Platforms.Deploy.0 = Release|x86
		{5FA54399-3B6F-443C-8564-4605FFCC5828}.Release|x64.ActiveCfg = Release|x64
		{5FA54399-3B6F-443C-8564-4605FFCC5828}.Release|x64.Build.0 = Release|x64
		{5FA54399-3B6F-443C-8564-4605FFCC5828}.Release|x64.Deploy.0 = Release|x64
		{5FA54399-3B6F-443C-8564-4605FFCC5828}.Release|x86.ActiveCfg = Release|x86
		{5FA54399-3B6F-443C-8564-4605FFCC5828}.Release64|Any CPU.ActiveCfg = Release|x64
		{5FA54399-3B6F-443C-8564-4605FFCC5828}.Release64|Any CPU.Build.0 = Release|x64
		{5FA54399-3B6F-443C-8564-4605FFCC5828}.Release64|Any CPU.Deploy.0 = Release|x64
		{5FA54399-3B6F-443C-8564-4605FFCC5828}.Release64|ARM.ActiveCfg = Release|ARM
		{5FA54399-3B6F-443C-8564-4605FFCC5828}.Release64|ARM.Build.0 = Release|ARM
		{5FA54399-3B6F-443C-8564-4605FFCC5828}.Release64|ARM.Deploy.0 = Release|ARM
		{5FA54399-3B6F-443C-8564-4605FFCC5828}.Release64|Mixed Platforms.ActiveCfg = Release|x86
		{5FA54399-3B6F-443C-8564-4605FFCC5828}.Release64|Mixed Platforms.Build.0 = Release|x86
		{5FA54399-3B6F-443C-8564-4605FFCC5828}.Release64|Mixed Platforms.Deploy.0 = Release|x86
		{5FA54399-3B6F-443C-8564-4605FFCC5828}.Release64|x64.ActiveCfg = Release|x64
		{5FA54399-3B6F-443C-8564-4605FFCC5828}.Release64|x64.Build.0 = Release|x64
		{5FA54399-3B6F-443C-8564-4605FFCC5828}.Release64|x64.Deploy.0 = Release|x64
		{5FA54399-3B6F-443C-8564-4605FFCC5828}.Release64|x86.ActiveCfg = Release|x86
		{5FA54399-3B6F-443C-8564-4605FFCC5828}.Release64|x86.Build.0 = Release|x86
		{5FA54399-3B6F-443C-8564-4605FFCC5828}.Release64|x86.Deploy.0 = Release|x86
		{AA5C34CF-6F6A-4B2C-B067-D9AABCAC1B6B}.Debug|Any CPU.ActiveCfg = Debug|Any CPU
		{AA5C34CF-6F6A-4B2C-B067-D9AABCAC1B6B}.Debug|Any CPU.Build.0 = Debug|Any CPU
		{AA5C34CF-6F6A-4B2C-B067-D9AABCAC1B6B}.Debug|ARM.ActiveCfg = Debug|Any CPU
		{AA5C34CF-6F6A-4B2C-B067-D9AABCAC1B6B}.Debug|ARM.Build.0 = Debug|Any CPU
		{AA5C34CF-6F6A-4B2C-B067-D9AABCAC1B6B}.Debug|Mixed Platforms.ActiveCfg = Debug|x86
		{AA5C34CF-6F6A-4B2C-B067-D9AABCAC1B6B}.Debug|Mixed Platforms.Build.0 = Debug|x86
		{AA5C34CF-6F6A-4B2C-B067-D9AABCAC1B6B}.Debug|x64.ActiveCfg = Debug|x64
		{AA5C34CF-6F6A-4B2C-B067-D9AABCAC1B6B}.Debug|x64.Build.0 = Debug|x64
		{AA5C34CF-6F6A-4B2C-B067-D9AABCAC1B6B}.Debug|x86.ActiveCfg = Debug|x86
		{AA5C34CF-6F6A-4B2C-B067-D9AABCAC1B6B}.Debug|x86.Build.0 = Debug|x86
		{AA5C34CF-6F6A-4B2C-B067-D9AABCAC1B6B}.Release|Any CPU.ActiveCfg = Release|Any CPU
		{AA5C34CF-6F6A-4B2C-B067-D9AABCAC1B6B}.Release|Any CPU.Build.0 = Release|Any CPU
		{AA5C34CF-6F6A-4B2C-B067-D9AABCAC1B6B}.Release|ARM.ActiveCfg = Release|Any CPU
		{AA5C34CF-6F6A-4B2C-B067-D9AABCAC1B6B}.Release|ARM.Build.0 = Release|Any CPU
		{AA5C34CF-6F6A-4B2C-B067-D9AABCAC1B6B}.Release|Mixed Platforms.ActiveCfg = Release|x86
		{AA5C34CF-6F6A-4B2C-B067-D9AABCAC1B6B}.Release|Mixed Platforms.Build.0 = Release|x86
		{AA5C34CF-6F6A-4B2C-B067-D9AABCAC1B6B}.Release|x64.ActiveCfg = Release|x64
		{AA5C34CF-6F6A-4B2C-B067-D9AABCAC1B6B}.Release|x64.Build.0 = Release|x64
		{AA5C34CF-6F6A-4B2C-B067-D9AABCAC1B6B}.Release|x86.ActiveCfg = Release|x86
		{AA5C34CF-6F6A-4B2C-B067-D9AABCAC1B6B}.Release|x86.Build.0 = Release|x86
		{AA5C34CF-6F6A-4B2C-B067-D9AABCAC1B6B}.Release64|Any CPU.ActiveCfg = Release|Any CPU
		{AA5C34CF-6F6A-4B2C-B067-D9AABCAC1B6B}.Release64|Any CPU.Build.0 = Release|Any CPU
		{AA5C34CF-6F6A-4B2C-B067-D9AABCAC1B6B}.Release64|ARM.ActiveCfg = Release|Any CPU
		{AA5C34CF-6F6A-4B2C-B067-D9AABCAC1B6B}.Release64|ARM.Build.0 = Release|Any CPU
		{AA5C34CF-6F6A-4B2C-B067-D9AABCAC1B6B}.Release64|Mixed Platforms.ActiveCfg = Release|x86
		{AA5C34CF-6F6A-4B2C-B067-D9AABCAC1B6B}.Release64|Mixed Platforms.Build.0 = Release|x86
		{AA5C34CF-6F6A-4B2C-B067-D9AABCAC1B6B}.Release64|x64.ActiveCfg = Release|x64
		{AA5C34CF-6F6A-4B2C-B067-D9AABCAC1B6B}.Release64|x64.Build.0 = Release|x64
		{AA5C34CF-6F6A-4B2C-B067-D9AABCAC1B6B}.Release64|x86.ActiveCfg = Release|x86
		{AA5C34CF-6F6A-4B2C-B067-D9AABCAC1B6B}.Release64|x86.Build.0 = Release|x86
		{DF459A59-5C58-4930-AB44-9B3D6E36CD98}.Debug|Any CPU.ActiveCfg = Debug|Any CPU
		{DF459A59-5C58-4930-AB44-9B3D6E36CD98}.Debug|Any CPU.Build.0 = Debug|Any CPU
		{DF459A59-5C58-4930-AB44-9B3D6E36CD98}.Debug|ARM.ActiveCfg = Debug|Any CPU
		{DF459A59-5C58-4930-AB44-9B3D6E36CD98}.Debug|ARM.Build.0 = Debug|Any CPU
		{DF459A59-5C58-4930-AB44-9B3D6E36CD98}.Debug|Mixed Platforms.ActiveCfg = Debug|x86
		{DF459A59-5C58-4930-AB44-9B3D6E36CD98}.Debug|Mixed Platforms.Build.0 = Debug|x86
		{DF459A59-5C58-4930-AB44-9B3D6E36CD98}.Debug|x64.ActiveCfg = Debug|x64
		{DF459A59-5C58-4930-AB44-9B3D6E36CD98}.Debug|x64.Build.0 = Debug|x64
		{DF459A59-5C58-4930-AB44-9B3D6E36CD98}.Debug|x86.ActiveCfg = Debug|x86
		{DF459A59-5C58-4930-AB44-9B3D6E36CD98}.Debug|x86.Build.0 = Debug|x86
		{DF459A59-5C58-4930-AB44-9B3D6E36CD98}.Release|Any CPU.ActiveCfg = Release|Any CPU
		{DF459A59-5C58-4930-AB44-9B3D6E36CD98}.Release|Any CPU.Build.0 = Release|Any CPU
		{DF459A59-5C58-4930-AB44-9B3D6E36CD98}.Release|ARM.ActiveCfg = Release|Any CPU
		{DF459A59-5C58-4930-AB44-9B3D6E36CD98}.Release|ARM.Build.0 = Release|Any CPU
		{DF459A59-5C58-4930-AB44-9B3D6E36CD98}.Release|Mixed Platforms.ActiveCfg = Release|x86
		{DF459A59-5C58-4930-AB44-9B3D6E36CD98}.Release|Mixed Platforms.Build.0 = Release|x86
		{DF459A59-5C58-4930-AB44-9B3D6E36CD98}.Release|x64.ActiveCfg = Release|x64
		{DF459A59-5C58-4930-AB44-9B3D6E36CD98}.Release|x64.Build.0 = Release|x64
		{DF459A59-5C58-4930-AB44-9B3D6E36CD98}.Release|x86.ActiveCfg = Release|x86
		{DF459A59-5C58-4930-AB44-9B3D6E36CD98}.Release|x86.Build.0 = Release|x86
		{DF459A59-5C58-4930-AB44-9B3D6E36CD98}.Release64|Any CPU.ActiveCfg = Release|Any CPU
		{DF459A59-5C58-4930-AB44-9B3D6E36CD98}.Release64|Any CPU.Build.0 = Release|Any CPU
		{DF459A59-5C58-4930-AB44-9B3D6E36CD98}.Release64|ARM.ActiveCfg = Release|Any CPU
		{DF459A59-5C58-4930-AB44-9B3D6E36CD98}.Release64|ARM.Build.0 = Release|Any CPU
		{DF459A59-5C58-4930-AB44-9B3D6E36CD98}.Release64|Mixed Platforms.ActiveCfg = Release|x86
		{DF459A59-5C58-4930-AB44-9B3D6E36CD98}.Release64|Mixed Platforms.Build.0 = Release|x86
		{DF459A59-5C58-4930-AB44-9B3D6E36CD98}.Release64|x64.ActiveCfg = Release|x64
		{DF459A59-5C58-4930-AB44-9B3D6E36CD98}.Release64|x64.Build.0 = Release|x64
		{DF459A59-5C58-4930-AB44-9B3D6E36CD98}.Release64|x86.ActiveCfg = Release|x86
		{DF459A59-5C58-4930-AB44-9B3D6E36CD98}.Release64|x86.Build.0 = Release|x86
		{60BB75F4-E913-40F9-BE60-D5E408F24751}.Debug|Any CPU.ActiveCfg = Debug|Any CPU
		{60BB75F4-E913-40F9-BE60-D5E408F24751}.Debug|Any CPU.Build.0 = Debug|Any CPU
		{60BB75F4-E913-40F9-BE60-D5E408F24751}.Debug|ARM.ActiveCfg = Debug|Any CPU
		{60BB75F4-E913-40F9-BE60-D5E408F24751}.Debug|ARM.Build.0 = Debug|Any CPU
		{60BB75F4-E913-40F9-BE60-D5E408F24751}.Debug|Mixed Platforms.ActiveCfg = Debug|x64
		{60BB75F4-E913-40F9-BE60-D5E408F24751}.Debug|Mixed Platforms.Build.0 = Debug|x64
		{60BB75F4-E913-40F9-BE60-D5E408F24751}.Debug|x64.ActiveCfg = Debug|x64
		{60BB75F4-E913-40F9-BE60-D5E408F24751}.Debug|x64.Build.0 = Debug|x64
		{60BB75F4-E913-40F9-BE60-D5E408F24751}.Debug|x86.ActiveCfg = Debug|x86
		{60BB75F4-E913-40F9-BE60-D5E408F24751}.Debug|x86.Build.0 = Debug|x86
		{60BB75F4-E913-40F9-BE60-D5E408F24751}.Release|Any CPU.ActiveCfg = Release|Any CPU
		{60BB75F4-E913-40F9-BE60-D5E408F24751}.Release|Any CPU.Build.0 = Release|Any CPU
		{60BB75F4-E913-40F9-BE60-D5E408F24751}.Release|ARM.ActiveCfg = Release|Any CPU
		{60BB75F4-E913-40F9-BE60-D5E408F24751}.Release|ARM.Build.0 = Release|Any CPU
		{60BB75F4-E913-40F9-BE60-D5E408F24751}.Release|Mixed Platforms.ActiveCfg = Release|x64
		{60BB75F4-E913-40F9-BE60-D5E408F24751}.Release|Mixed Platforms.Build.0 = Release|x64
		{60BB75F4-E913-40F9-BE60-D5E408F24751}.Release|x64.ActiveCfg = Release|x64
		{60BB75F4-E913-40F9-BE60-D5E408F24751}.Release|x64.Build.0 = Release|x64
		{60BB75F4-E913-40F9-BE60-D5E408F24751}.Release|x86.ActiveCfg = Release|x86
		{60BB75F4-E913-40F9-BE60-D5E408F24751}.Release|x86.Build.0 = Release|x86
		{60BB75F4-E913-40F9-BE60-D5E408F24751}.Release64|Any CPU.ActiveCfg = Release|Any CPU
		{60BB75F4-E913-40F9-BE60-D5E408F24751}.Release64|Any CPU.Build.0 = Release|Any CPU
		{60BB75F4-E913-40F9-BE60-D5E408F24751}.Release64|ARM.ActiveCfg = Release|Any CPU
		{60BB75F4-E913-40F9-BE60-D5E408F24751}.Release64|ARM.Build.0 = Release|Any CPU
		{60BB75F4-E913-40F9-BE60-D5E408F24751}.Release64|Mixed Platforms.ActiveCfg = Release|x64
		{60BB75F4-E913-40F9-BE60-D5E408F24751}.Release64|Mixed Platforms.Build.0 = Release|x64
		{60BB75F4-E913-40F9-BE60-D5E408F24751}.Release64|x64.ActiveCfg = Release|x64
		{60BB75F4-E913-40F9-BE60-D5E408F24751}.Release64|x64.Build.0 = Release|x64
		{60BB75F4-E913-40F9-BE60-D5E408F24751}.Release64|x86.ActiveCfg = Release|x86
		{60BB75F4-E913-40F9-BE60-D5E408F24751}.Release64|x86.Build.0 = Release|x86
		{B798878D-752E-45C0-8B93-57660F7A4C90}.Debug|Any CPU.ActiveCfg = Debug|Any CPU
		{B798878D-752E-45C0-8B93-57660F7A4C90}.Debug|Any CPU.Build.0 = Debug|Any CPU
		{B798878D-752E-45C0-8B93-57660F7A4C90}.Debug|ARM.ActiveCfg = Debug|Any CPU
		{B798878D-752E-45C0-8B93-57660F7A4C90}.Debug|ARM.Build.0 = Debug|Any CPU
		{B798878D-752E-45C0-8B93-57660F7A4C90}.Debug|Mixed Platforms.ActiveCfg = Debug|x64
		{B798878D-752E-45C0-8B93-57660F7A4C90}.Debug|Mixed Platforms.Build.0 = Debug|x64
		{B798878D-752E-45C0-8B93-57660F7A4C90}.Debug|x64.ActiveCfg = Debug|x64
		{B798878D-752E-45C0-8B93-57660F7A4C90}.Debug|x64.Build.0 = Debug|x64
		{B798878D-752E-45C0-8B93-57660F7A4C90}.Debug|x86.ActiveCfg = Debug|Any CPU
		{B798878D-752E-45C0-8B93-57660F7A4C90}.Debug|x86.Build.0 = Debug|Any CPU
		{B798878D-752E-45C0-8B93-57660F7A4C90}.Release|Any CPU.ActiveCfg = Release|Any CPU
		{B798878D-752E-45C0-8B93-57660F7A4C90}.Release|Any CPU.Build.0 = Release|Any CPU
		{B798878D-752E-45C0-8B93-57660F7A4C90}.Release|ARM.ActiveCfg = Release|Any CPU
		{B798878D-752E-45C0-8B93-57660F7A4C90}.Release|ARM.Build.0 = Release|Any CPU
		{B798878D-752E-45C0-8B93-57660F7A4C90}.Release|Mixed Platforms.ActiveCfg = Release|x64
		{B798878D-752E-45C0-8B93-57660F7A4C90}.Release|Mixed Platforms.Build.0 = Release|x64
		{B798878D-752E-45C0-8B93-57660F7A4C90}.Release|x64.ActiveCfg = Release|x64
		{B798878D-752E-45C0-8B93-57660F7A4C90}.Release|x64.Build.0 = Release|x64
		{B798878D-752E-45C0-8B93-57660F7A4C90}.Release|x86.ActiveCfg = Release|Any CPU
		{B798878D-752E-45C0-8B93-57660F7A4C90}.Release|x86.Build.0 = Release|Any CPU
		{B798878D-752E-45C0-8B93-57660F7A4C90}.Release64|Any CPU.ActiveCfg = Release|Any CPU
		{B798878D-752E-45C0-8B93-57660F7A4C90}.Release64|Any CPU.Build.0 = Release|Any CPU
		{B798878D-752E-45C0-8B93-57660F7A4C90}.Release64|ARM.ActiveCfg = Release|Any CPU
		{B798878D-752E-45C0-8B93-57660F7A4C90}.Release64|ARM.Build.0 = Release|Any CPU
		{B798878D-752E-45C0-8B93-57660F7A4C90}.Release64|Mixed Platforms.ActiveCfg = Release|x64
		{B798878D-752E-45C0-8B93-57660F7A4C90}.Release64|Mixed Platforms.Build.0 = Release|x64
		{B798878D-752E-45C0-8B93-57660F7A4C90}.Release64|x64.ActiveCfg = Release|x64
		{B798878D-752E-45C0-8B93-57660F7A4C90}.Release64|x64.Build.0 = Release|x64
		{B798878D-752E-45C0-8B93-57660F7A4C90}.Release64|x86.ActiveCfg = Release|Any CPU
		{B798878D-752E-45C0-8B93-57660F7A4C90}.Release64|x86.Build.0 = Release|Any CPU
		{B5DCEA8A-D095-4DD1-91BA-7219825B0E25}.Debug|Any CPU.ActiveCfg = Debug|Any CPU
		{B5DCEA8A-D095-4DD1-91BA-7219825B0E25}.Debug|Any CPU.Build.0 = Debug|Any CPU
		{B5DCEA8A-D095-4DD1-91BA-7219825B0E25}.Debug|ARM.ActiveCfg = Debug|Any CPU
		{B5DCEA8A-D095-4DD1-91BA-7219825B0E25}.Debug|ARM.Build.0 = Debug|Any CPU
		{B5DCEA8A-D095-4DD1-91BA-7219825B0E25}.Debug|Mixed Platforms.ActiveCfg = Debug|Any CPU
		{B5DCEA8A-D095-4DD1-91BA-7219825B0E25}.Debug|Mixed Platforms.Build.0 = Debug|Any CPU
		{B5DCEA8A-D095-4DD1-91BA-7219825B0E25}.Debug|x64.ActiveCfg = Debug|Any CPU
		{B5DCEA8A-D095-4DD1-91BA-7219825B0E25}.Debug|x64.Build.0 = Debug|Any CPU
		{B5DCEA8A-D095-4DD1-91BA-7219825B0E25}.Debug|x86.ActiveCfg = Debug|Any CPU
		{B5DCEA8A-D095-4DD1-91BA-7219825B0E25}.Debug|x86.Build.0 = Debug|Any CPU
		{B5DCEA8A-D095-4DD1-91BA-7219825B0E25}.Release|Any CPU.ActiveCfg = Release|Any CPU
		{B5DCEA8A-D095-4DD1-91BA-7219825B0E25}.Release|Any CPU.Build.0 = Release|Any CPU
		{B5DCEA8A-D095-4DD1-91BA-7219825B0E25}.Release|ARM.ActiveCfg = Release|Any CPU
		{B5DCEA8A-D095-4DD1-91BA-7219825B0E25}.Release|ARM.Build.0 = Release|Any CPU
		{B5DCEA8A-D095-4DD1-91BA-7219825B0E25}.Release|Mixed Platforms.ActiveCfg = Release|Any CPU
		{B5DCEA8A-D095-4DD1-91BA-7219825B0E25}.Release|Mixed Platforms.Build.0 = Release|Any CPU
		{B5DCEA8A-D095-4DD1-91BA-7219825B0E25}.Release|x64.ActiveCfg = Release|Any CPU
		{B5DCEA8A-D095-4DD1-91BA-7219825B0E25}.Release|x64.Build.0 = Release|Any CPU
		{B5DCEA8A-D095-4DD1-91BA-7219825B0E25}.Release|x86.ActiveCfg = Release|Any CPU
		{B5DCEA8A-D095-4DD1-91BA-7219825B0E25}.Release|x86.Build.0 = Release|Any CPU
		{B5DCEA8A-D095-4DD1-91BA-7219825B0E25}.Release64|Any CPU.ActiveCfg = Release|Any CPU
		{B5DCEA8A-D095-4DD1-91BA-7219825B0E25}.Release64|Any CPU.Build.0 = Release|Any CPU
		{B5DCEA8A-D095-4DD1-91BA-7219825B0E25}.Release64|ARM.ActiveCfg = Release|Any CPU
		{B5DCEA8A-D095-4DD1-91BA-7219825B0E25}.Release64|ARM.Build.0 = Release|Any CPU
		{B5DCEA8A-D095-4DD1-91BA-7219825B0E25}.Release64|Mixed Platforms.ActiveCfg = Release|Any CPU
		{B5DCEA8A-D095-4DD1-91BA-7219825B0E25}.Release64|Mixed Platforms.Build.0 = Release|Any CPU
		{B5DCEA8A-D095-4DD1-91BA-7219825B0E25}.Release64|x64.ActiveCfg = Release|Any CPU
		{B5DCEA8A-D095-4DD1-91BA-7219825B0E25}.Release64|x64.Build.0 = Release|Any CPU
		{B5DCEA8A-D095-4DD1-91BA-7219825B0E25}.Release64|x86.ActiveCfg = Release|Any CPU
		{B5DCEA8A-D095-4DD1-91BA-7219825B0E25}.Release64|x86.Build.0 = Release|Any CPU
		{AD54F23E-E99C-413A-9D74-AA25F6E2F370}.Debug|Any CPU.ActiveCfg = Debug|Any CPU
		{AD54F23E-E99C-413A-9D74-AA25F6E2F370}.Debug|Any CPU.Build.0 = Debug|Any CPU
		{AD54F23E-E99C-413A-9D74-AA25F6E2F370}.Debug|ARM.ActiveCfg = Debug|Any CPU
		{AD54F23E-E99C-413A-9D74-AA25F6E2F370}.Debug|ARM.Build.0 = Debug|Any CPU
		{AD54F23E-E99C-413A-9D74-AA25F6E2F370}.Debug|Mixed Platforms.ActiveCfg = Debug|Any CPU
		{AD54F23E-E99C-413A-9D74-AA25F6E2F370}.Debug|Mixed Platforms.Build.0 = Debug|Any CPU
		{AD54F23E-E99C-413A-9D74-AA25F6E2F370}.Debug|x64.ActiveCfg = Debug|Any CPU
		{AD54F23E-E99C-413A-9D74-AA25F6E2F370}.Debug|x64.Build.0 = Debug|Any CPU
		{AD54F23E-E99C-413A-9D74-AA25F6E2F370}.Debug|x86.ActiveCfg = Debug|Any CPU
		{AD54F23E-E99C-413A-9D74-AA25F6E2F370}.Debug|x86.Build.0 = Debug|Any CPU
		{AD54F23E-E99C-413A-9D74-AA25F6E2F370}.Release|Any CPU.ActiveCfg = Release|Any CPU
		{AD54F23E-E99C-413A-9D74-AA25F6E2F370}.Release|Any CPU.Build.0 = Release|Any CPU
		{AD54F23E-E99C-413A-9D74-AA25F6E2F370}.Release|ARM.ActiveCfg = Release|Any CPU
		{AD54F23E-E99C-413A-9D74-AA25F6E2F370}.Release|ARM.Build.0 = Release|Any CPU
		{AD54F23E-E99C-413A-9D74-AA25F6E2F370}.Release|Mixed Platforms.ActiveCfg = Release|Any CPU
		{AD54F23E-E99C-413A-9D74-AA25F6E2F370}.Release|Mixed Platforms.Build.0 = Release|Any CPU
		{AD54F23E-E99C-413A-9D74-AA25F6E2F370}.Release|x64.ActiveCfg = Release|Any CPU
		{AD54F23E-E99C-413A-9D74-AA25F6E2F370}.Release|x64.Build.0 = Release|Any CPU
		{AD54F23E-E99C-413A-9D74-AA25F6E2F370}.Release|x86.ActiveCfg = Release|Any CPU
		{AD54F23E-E99C-413A-9D74-AA25F6E2F370}.Release|x86.Build.0 = Release|Any CPU
		{AD54F23E-E99C-413A-9D74-AA25F6E2F370}.Release64|Any CPU.ActiveCfg = Release|Any CPU
		{AD54F23E-E99C-413A-9D74-AA25F6E2F370}.Release64|Any CPU.Build.0 = Release|Any CPU
		{AD54F23E-E99C-413A-9D74-AA25F6E2F370}.Release64|ARM.ActiveCfg = Release|Any CPU
		{AD54F23E-E99C-413A-9D74-AA25F6E2F370}.Release64|ARM.Build.0 = Release|Any CPU
		{AD54F23E-E99C-413A-9D74-AA25F6E2F370}.Release64|Mixed Platforms.ActiveCfg = Release|Any CPU
		{AD54F23E-E99C-413A-9D74-AA25F6E2F370}.Release64|Mixed Platforms.Build.0 = Release|Any CPU
		{AD54F23E-E99C-413A-9D74-AA25F6E2F370}.Release64|x64.ActiveCfg = Release|Any CPU
		{AD54F23E-E99C-413A-9D74-AA25F6E2F370}.Release64|x64.Build.0 = Release|Any CPU
		{AD54F23E-E99C-413A-9D74-AA25F6E2F370}.Release64|x86.ActiveCfg = Release|Any CPU
		{AD54F23E-E99C-413A-9D74-AA25F6E2F370}.Release64|x86.Build.0 = Release|Any CPU
		{E4E9CABC-D960-4282-9219-1DEAF8C533F2}.Debug|Any CPU.ActiveCfg = Debug|Any CPU
		{E4E9CABC-D960-4282-9219-1DEAF8C533F2}.Debug|Any CPU.Build.0 = Debug|Any CPU
		{E4E9CABC-D960-4282-9219-1DEAF8C533F2}.Debug|ARM.ActiveCfg = Debug|Any CPU
		{E4E9CABC-D960-4282-9219-1DEAF8C533F2}.Debug|ARM.Build.0 = Debug|Any CPU
		{E4E9CABC-D960-4282-9219-1DEAF8C533F2}.Debug|Mixed Platforms.ActiveCfg = Debug|Any CPU
		{E4E9CABC-D960-4282-9219-1DEAF8C533F2}.Debug|Mixed Platforms.Build.0 = Debug|Any CPU
		{E4E9CABC-D960-4282-9219-1DEAF8C533F2}.Debug|x64.ActiveCfg = Debug|Any CPU
		{E4E9CABC-D960-4282-9219-1DEAF8C533F2}.Debug|x64.Build.0 = Debug|Any CPU
		{E4E9CABC-D960-4282-9219-1DEAF8C533F2}.Debug|x86.ActiveCfg = Debug|Any CPU
		{E4E9CABC-D960-4282-9219-1DEAF8C533F2}.Debug|x86.Build.0 = Debug|Any CPU
		{E4E9CABC-D960-4282-9219-1DEAF8C533F2}.Release|Any CPU.ActiveCfg = Release|Any CPU
		{E4E9CABC-D960-4282-9219-1DEAF8C533F2}.Release|Any CPU.Build.0 = Release|Any CPU
		{E4E9CABC-D960-4282-9219-1DEAF8C533F2}.Release|ARM.ActiveCfg = Release|Any CPU
		{E4E9CABC-D960-4282-9219-1DEAF8C533F2}.Release|ARM.Build.0 = Release|Any CPU
		{E4E9CABC-D960-4282-9219-1DEAF8C533F2}.Release|Mixed Platforms.ActiveCfg = Release|Any CPU
		{E4E9CABC-D960-4282-9219-1DEAF8C533F2}.Release|Mixed Platforms.Build.0 = Release|Any CPU
		{E4E9CABC-D960-4282-9219-1DEAF8C533F2}.Release|x64.ActiveCfg = Release|Any CPU
		{E4E9CABC-D960-4282-9219-1DEAF8C533F2}.Release|x64.Build.0 = Release|Any CPU
		{E4E9CABC-D960-4282-9219-1DEAF8C533F2}.Release|x86.ActiveCfg = Release|Any CPU
		{E4E9CABC-D960-4282-9219-1DEAF8C533F2}.Release|x86.Build.0 = Release|Any CPU
		{E4E9CABC-D960-4282-9219-1DEAF8C533F2}.Release64|Any CPU.ActiveCfg = Release|Any CPU
		{E4E9CABC-D960-4282-9219-1DEAF8C533F2}.Release64|Any CPU.Build.0 = Release|Any CPU
		{E4E9CABC-D960-4282-9219-1DEAF8C533F2}.Release64|ARM.ActiveCfg = Release|Any CPU
		{E4E9CABC-D960-4282-9219-1DEAF8C533F2}.Release64|ARM.Build.0 = Release|Any CPU
		{E4E9CABC-D960-4282-9219-1DEAF8C533F2}.Release64|Mixed Platforms.ActiveCfg = Release|Any CPU
		{E4E9CABC-D960-4282-9219-1DEAF8C533F2}.Release64|Mixed Platforms.Build.0 = Release|Any CPU
		{E4E9CABC-D960-4282-9219-1DEAF8C533F2}.Release64|x64.ActiveCfg = Release|Any CPU
		{E4E9CABC-D960-4282-9219-1DEAF8C533F2}.Release64|x64.Build.0 = Release|Any CPU
		{E4E9CABC-D960-4282-9219-1DEAF8C533F2}.Release64|x86.ActiveCfg = Release|Any CPU
		{E4E9CABC-D960-4282-9219-1DEAF8C533F2}.Release64|x86.Build.0 = Release|Any CPU
	EndGlobalSection
	GlobalSection(SolutionProperties) = preSolution
		HideSolutionNode = FALSE
	EndGlobalSection
	GlobalSection(ExtensibilityGlobals) = postSolution
		SolutionGuid = {D26859BD-C71C-485A-84FD-932D7D4A9F6D}
	EndGlobalSection
	GlobalSection(TestCaseManagementSettings) = postSolution
		CategoryFile = WebScrape.vsmdi
	EndGlobalSection
EndGlobal
